
Microsoft Visual Studio Solution File, Format Version 12.00
# Visual Studio Version 17
VisualStudioVersion = 17.14.36915.13
MinimumVisualStudioVersion = 10.0.40219.1
Project("{FAE04EC0-301F-11D3-BF4B-00C04F79EFBC}") = "MacroscopTest", "MacroscopTest\MacroscopTest.csproj", "{9F4E01B6-FABE-47E0-B490-9AF81485B083}"
EndProject
Project("{FAE04EC0-301F-11D3-BF4B-00C04F79EFBC}") = "MacroscopTest.Tests", "MacroscopTest.Tests\MacroscopTest.Tests.csproj", "{C8C55C82-1790-428B-87F1-8B4B2F901E57}"
EndProject
Global
	GlobalSection(SolutionConfigurationPlatforms) = preSolution
		Debug|Any CPU = Debug|Any CPU
		Release|Any CPU = Release|Any CPU
	EndGlobalSection
	GlobalSection(ProjectConfigurationPlatforms) = postSolution
		{9F4E01B6-FABE-47E0-B490-9AF81485B083}.Debug|Any CPU.ActiveCfg = Debug|Any CPU
		{9F4E01B6-FABE-47E0-B490-9AF81485B083}.Debug|Any CPU.Build.0 = Debug|Any CPU
		{9F4E01B6-FABE-47E0-B490-9AF81485B083}.Release|Any CPU.ActiveCfg = Release|Any CPU
		{9F4E01B6-FABE-47E0-B490-9AF81485B083}.Release|Any CPU.Build.0 = Release|Any CPU
		{C8C55C82-1790-428B-87F1-8B4B2F901E57}.Debug|Any CPU.ActiveCfg = Debug|Any CPU
		{C8C55C82-1790-428B-87F1-8B4B2F901E57}.Debug|Any CPU.Build.0 = Debug|Any CPU
		{C8C55C82-1790-428B-87F1-8B4B2F901E57}.Release|Any CPU.ActiveCfg = Release|Any CPU
		{C8C55C82-1790-428B-87F1-8B4B2F901E57}.Release|Any CPU.Build.0 = Release|Any CPU
	EndGlobalSection
	GlobalSection(SolutionProperties) = preSolution
		HideSolutionNode = FALSE
	EndGlobalSection
	GlobalSection(ExtensibilityGlobals) = postSolution
		SolutionGuid = {59D358C1-4CBA-45E5-BC6C-2921F30274D0}
	EndGlobalSection
EndGlobal
